PODS:
  - Flutter (1.0.0)
  - LiveChat (2.0.20)
  - livechatdgr (0.0.1):
    - Flutter
    - LiveChat

DEPENDENCIES:
  - Flutter (from `Flutter`)
  - livechatdgr (from `.symlinks/plugins/livechatdgr/ios`)

SPEC REPOS:
  trunk:
    - LiveChat

EXTERNAL SOURCES:
  Flutter:
    :path: Flutter
  livechatdgr:
    :path: ".symlinks/plugins/livechatdgr/ios"

SPEC CHECKSUMS:
  Flutter: 0e3d915762c693b495b44d77113d4970485de6ec
  LiveChat: 27daeedafec96216e7e3d560993c04bb928ec6a0
  livechatdgr: 2adc419446efdfc6b8dd7036e3814b561e0785f4

PODFILE CHECKSUM: a75497545d4391e2d394c3668e20cfb1c2bbd4aa

COCOAPODS: 1.10.0
